<?xml version="1.0" encoding="utf-8"?>
<Project ToolsVersion="4.0" xmlns="http://schemas.microsoft.com/developer/msbuild/2003">
  <ItemGroup>
    <Filter Include="Source Files">
      <UniqueIdentifier>{4FC737F1-C7A5-4376-A066-2A32D752A2FF}</UniqueIdentifier>
      <Extensions>cpp;c;cc;cxx;def;odl;idl;hpj;bat;asm;asmx</Extensions>
    </Filter>
    <Filter Include="Header Files">
      <UniqueIdentifier>{93995380-89BD-4b04-88EB-625FBE52EBFB}</UniqueIdentifier>
      <Extensions>h;hh;hpp;hxx;hm;inl;inc;xsd</Extensions>
    </Filter>
    <Filter Include="Resource Files">
      <UniqueIdentifier>{D9D6E242-F8AF-46E4-B9FD-80ECBC20BA3E}</UniqueIdentifier>
      <Extensions>qrc;*</Extensions>
      <ParseFiles>false</ParseFiles>
    </Filter>
    <Filter Include="Form Files">
      <UniqueIdentifier>{99349809-55BA-4b9d-BF79-8FDBB0286EB3}</UniqueIdentifier>
      <Extensions>ui</Extensions>
    </Filter>
    <Filter Include="Resource Files">
      <UniqueIdentifier>{D9D6E242-F8AF-46E4-B9FD-80ECBC20BA3E}</UniqueIdentifier>
      <Extensions>qrc;*</Extensions>
      <ParseFiles>false</ParseFiles>
    </Filter>
    <Filter Include="Generated Files">
      <UniqueIdentifier>{71ED8ED8-ACB9-4CE9-BBE1-E00B30144E11}</UniqueIdentifier>
      <Extensions>moc;h;cpp</Extensions>
      <SourceControlFiles>False</SourceControlFiles>
    </Filter>
  </ItemGroup>
  <ItemGroup>
    <ClCompile Include="main.cpp">
      <Filter>Source Files</Filter>
    </ClCompile>
    <ClCompile Include="MainForm.cpp">
      <Filter>Source Files</Filter>
    </ClCompile>
    <ClCompile Include="q_image_show.cpp">
      <Filter>Source Files</Filter>
    </ClCompile>
    <ClCompile Include="c_show_thread.cpp">
      <Filter>Source Files</Filter>
    </ClCompile>
    <ClCompile Include="AMHE\AMHE_run.c">
      <Filter>Source Files</Filter>
    </ClCompile>
    <ClCompile Include="AMHE\hist_eq.c">
      <Filter>Source Files</Filter>
    </ClCompile>
    <ClCompile Include="AMHE\hist_mean.c">
      <Filter>Source Files</Filter>
    </ClCompile>
    <ClCompile Include="AMHE\img_base.c">
      <Filter>Source Files</Filter>
    </ClCompile>
    <ClCompile Include="AMHE\img_hist.c">
      <Filter>Source Files</Filter>
    </ClCompile>
    <ClCompile Include="AMHE\main_run.c">
      <Filter>Source Files</Filter>
    </ClCompile>
    <ClCompile Include="AMHE\makeLUT.c">
      <Filter>Source Files</Filter>
    </ClCompile>
    <ClCompile Include="AMHE\max.c">
      <Filter>Source Files</Filter>
    </ClCompile>
    <ClCompile Include="AMHE\min.c">
      <Filter>Source Files</Filter>
    </ClCompile>
    <ClCompile Include="AMHE\modified_hist.c">
      <Filter>Source Files</Filter>
    </ClCompile>
    <ClCompile Include="AMHE\new_hist.c">
      <Filter>Source Files</Filter>
    </ClCompile>
    <ClCompile Include="AMHE\OstuCompute.c">
      <Filter>Source Files</Filter>
    </ClCompile>
    <ClCompile Include="Utils\c_transform.cpp">
      <Filter>Source Files</Filter>
    </ClCompile>
    <ClCompile Include="BarrelCorrection\BarrelProcess.cpp">
      <Filter>Source Files</Filter>
    </ClCompile>
    <ClCompile Include="BarrelCorrection\common_func.cpp">
      <Filter>Source Files</Filter>
    </ClCompile>
    <ClCompile Include="BarrelCorrection\VirtualStitch.cpp">
      <Filter>Source Files</Filter>
    </ClCompile>
    <ClCompile Include="c_barrel_correction.cpp">
      <Filter>Source Files</Filter>
    </ClCompile>
    <ClCompile Include="BarrelCorrection_CPU\module\BC_1920_1080.c">
      <Filter>Source Files</Filter>
    </ClCompile>
    <ClCompile Include="BarrelCorrection_CPU\module\BC.c">
      <Filter>Source Files</Filter>
    </ClCompile>
  </ItemGroup>
  <ItemGroup>
    <QtMoc Include="MainForm.h">
      <Filter>Header Files</Filter>
    </QtMoc>
    <QtMoc Include="c_show_thread.h">
      <Filter>Header Files</Filter>
    </QtMoc>
    <QtMoc Include="q_image_show.h">
      <Filter>Header Files</Filter>
    </QtMoc>
  </ItemGroup>
  <ItemGroup>
    <QtUic Include="MainWindow.ui">
      <Filter>Form Files</Filter>
    </QtUic>
  </ItemGroup>
  <ItemGroup>
    <QtRcc Include="MainWindow.qrc">
      <Filter>Resource Files</Filter>
    </QtRcc>
  </ItemGroup>
  <ItemGroup>
    <ClInclude Include="Utils\c_transform.h">
      <Filter>Header Files</Filter>
    </ClInclude>
    <ClInclude Include="debug_log.h">
      <Filter>Header Files</Filter>
    </ClInclude>
    <ClInclude Include="c_barrel_correction.h">
      <Filter>Header Files</Filter>
    </ClInclude>
  </ItemGroup>
</Project>